// !$*UTF8*$!
{
	archiveVersion = 1;
	classes = {
	};
	objectVersion = 56;
	objects = {

/* Begin PBXBuildFile section */
		8032A54B2B820B7600294DD7 /* AppDelegate.swift in Sources */ = {isa = PBXBuildFile; fileRef = 8032A54A2B820B7600294DD7 /* AppDelegate.swift */; };
		8032A54D2B820B7600294DD7 /* SceneDelegate.swift in Sources */ = {isa = PBXBuildFile; fileRef = 8032A54C2B820B7600294DD7 /* SceneDelegate.swift */; };
		8032A54F2B820B7600294DD7 /* AppRootViewController.swift in Sources */ = {isa = PBXBuildFile; fileRef = 8032A54E2B820B7600294DD7 /* AppRootViewController.swift */; };
		8032A5522B820B7600294DD7 /* Main.storyboard in Resources */ = {isa = PBXBuildFile; fileRef = 8032A5502B820B7600294DD7 /* Main.storyboard */; };
		8032A5552B820B7600294DD7 /* YOU360.xcdatamodeld in Sources */ = {isa = PBXBuildFile; fileRef = 8032A5532B820B7600294DD7 /* YOU360.xcdatamodeld */; };
		8032A5572B820B7700294DD7 /* Assets.xcassets in Resources */ = {isa = PBXBuildFile; fileRef = 8032A5562B820B7700294DD7 /* Assets.xcassets */; };
		8032A55A2B820B7700294DD7 /* LaunchScreen.storyboard in Resources */ = {isa = PBXBuildFile; fileRef = 8032A5582B820B7700294DD7 /* LaunchScreen.storyboard */; };
		8032A5692B820BA000294DD7 /* YOUNetworking.h in Headers */ = {isa = PBXBuildFile; fileRef = 8032A5682B820BA000294DD7 /* YOUNetworking.h */; settings = {ATTRIBUTES = (Public, ); }; };
		8032A56C2B820BA000294DD7 /* YOUNetworking.framework in Frameworks */ = {isa = PBXBuildFile; fileRef = 8032A5662B820BA000294DD7 /* YOUNetworking.framework */; };
		8032A56D2B820BA000294DD7 /* YOUNetworking.framework in Embed Frameworks */ = {isa = PBXBuildFile; fileRef = 8032A5662B820BA000294DD7 /* YOUNetworking.framework */; settings = {ATTRIBUTES = (CodeSignOnCopy, RemoveHeadersOnCopy, ); }; };
		8032A5732B820BBD00294DD7 /* NetworkRequestMaking.swift in Sources */ = {isa = PBXBuildFile; fileRef = 8032A5722B820BBD00294DD7 /* NetworkRequestMaking.swift */; };
		8032A5752B820C2100294DD7 /* YOUNetworkingServices.swift in Sources */ = {isa = PBXBuildFile; fileRef = 8032A5742B820C2100294DD7 /* YOUNetworkingServices.swift */; };
		8032A57E2B820D8200294DD7 /* YOUUIComponents.h in Headers */ = {isa = PBXBuildFile; fileRef = 8032A57D2B820D8200294DD7 /* YOUUIComponents.h */; settings = {ATTRIBUTES = (Public, ); }; };
		8032A5812B820D8200294DD7 /* YOUUIComponents.framework in Frameworks */ = {isa = PBXBuildFile; fileRef = 8032A57B2B820D8200294DD7 /* YOUUIComponents.framework */; };
		8032A5822B820D8200294DD7 /* YOUUIComponents.framework in Embed Frameworks */ = {isa = PBXBuildFile; fileRef = 8032A57B2B820D8200294DD7 /* YOUUIComponents.framework */; settings = {ATTRIBUTES = (CodeSignOnCopy, RemoveHeadersOnCopy, ); }; };
		8032A5872B820DF400294DD7 /* MainRouter.swift in Sources */ = {isa = PBXBuildFile; fileRef = 8032A5862B820DF400294DD7 /* MainRouter.swift */; };
		8032A5902B820E6C00294DD7 /* YOUAuthorization.h in Headers */ = {isa = PBXBuildFile; fileRef = 8032A58F2B820E6C00294DD7 /* YOUAuthorization.h */; settings = {ATTRIBUTES = (Public, ); }; };
		8032A5932B820E6C00294DD7 /* YOUAuthorization.framework in Frameworks */ = {isa = PBXBuildFile; fileRef = 8032A58D2B820E6C00294DD7 /* YOUAuthorization.framework */; };
		8032A5942B820E6C00294DD7 /* YOUAuthorization.framework in Embed Frameworks */ = {isa = PBXBuildFile; fileRef = 8032A58D2B820E6C00294DD7 /* YOUAuthorization.framework */; settings = {ATTRIBUTES = (CodeSignOnCopy, RemoveHeadersOnCopy, ); }; };
		8032A5992B822D8200294DD7 /* AuthorizationService.swift in Sources */ = {isa = PBXBuildFile; fileRef = 8032A5982B822D8200294DD7 /* AuthorizationService.swift */; };
		8054AA4C2B83D045001AFCF4 /* ColorPallete.swift in Sources */ = {isa = PBXBuildFile; fileRef = 8054AA4B2B83D045001AFCF4 /* ColorPallete.swift */; };
		8054AA4E2B83D086001AFCF4 /* Color+Hex.swift in Sources */ = {isa = PBXBuildFile; fileRef = 8054AA4D2B83D086001AFCF4 /* Color+Hex.swift */; };
		806B3E982B8683F9007A695D /* TextFieldWithError.swift in Sources */ = {isa = PBXBuildFile; fileRef = 806B3E972B8683F9007A695D /* TextFieldWithError.swift */; };
		806B3E9A2B87A3EB007A695D /* TopRoundedView.swift in Sources */ = {isa = PBXBuildFile; fileRef = 806B3E992B87A3EB007A695D /* TopRoundedView.swift */; };
		806B3E9C2B87AE99007A695D /* CustomNavigationBar.swift in Sources */ = {isa = PBXBuildFile; fileRef = 806B3E9B2B87AE99007A695D /* CustomNavigationBar.swift */; };
		806E88952B88FBEC00D45FDA /* LoginFieldsCell.swift in Sources */ = {isa = PBXBuildFile; fileRef = 806E88942B88FBEC00D45FDA /* LoginFieldsCell.swift */; };
		8096B74D2B88A60E0015D917 /* LoginMainVCViewModel.swift in Sources */ = {isa = PBXBuildFile; fileRef = 8096B74C2B88A60E0015D917 /* LoginMainVCViewModel.swift */; };
		8096B7582B88B2CD0015D917 /* LoginTitleCell.swift in Sources */ = {isa = PBXBuildFile; fileRef = 8096B7572B88B2CD0015D917 /* LoginTitleCell.swift */; };
		80A4F5682B823C17002CC9AD /* AuthorizationRouter.swift in Sources */ = {isa = PBXBuildFile; fileRef = 80A4F5672B823C17002CC9AD /* AuthorizationRouter.swift */; };
		80A4F56B2B823E8A002CC9AD /* LoginRootVC.swift in Sources */ = {isa = PBXBuildFile; fileRef = 80A4F56A2B823E8A002CC9AD /* LoginRootVC.swift */; };
		80A4F56D2B823F45002CC9AD /* LoginScreensFactory.swift in Sources */ = {isa = PBXBuildFile; fileRef = 80A4F56C2B823F45002CC9AD /* LoginScreensFactory.swift */; };
		80A4F56F2B824350002CC9AD /* ButtonsFactory.swift in Sources */ = {isa = PBXBuildFile; fileRef = 80A4F56E2B824350002CC9AD /* ButtonsFactory.swift */; };
		80A4F57A2B8361CB002CC9AD /* YOUUtils.h in Headers */ = {isa = PBXBuildFile; fileRef = 80A4F5792B8361CB002CC9AD /* YOUUtils.h */; settings = {ATTRIBUTES = (Public, ); }; };
		80A4F57D2B8361CB002CC9AD /* YOUUtils.framework in Frameworks */ = {isa = PBXBuildFile; fileRef = 80A4F5772B8361CB002CC9AD /* YOUUtils.framework */; };
		80A4F57E2B8361CB002CC9AD /* YOUUtils.framework in Embed Frameworks */ = {isa = PBXBuildFile; fileRef = 80A4F5772B8361CB002CC9AD /* YOUUtils.framework */; settings = {ATTRIBUTES = (CodeSignOnCopy, RemoveHeadersOnCopy, ); }; };
		80A4F5832B8361DF002CC9AD /* String+Localisation.swift in Sources */ = {isa = PBXBuildFile; fileRef = 80A4F5822B8361DF002CC9AD /* String+Localisation.swift */; };
		80A4F5852B836250002CC9AD /* LocalisedImageProvider.swift in Sources */ = {isa = PBXBuildFile; fileRef = 80A4F5842B836250002CC9AD /* LocalisedImageProvider.swift */; };
		80A4F5872B836410002CC9AD /* Localizable.xcstrings in Resources */ = {isa = PBXBuildFile; fileRef = 80A4F5862B836410002CC9AD /* Localizable.xcstrings */; };
		80A4F5932B836800002CC9AD /* Manrope-SemiBold.ttf in Resources */ = {isa = PBXBuildFile; fileRef = 80A4F58C2B836800002CC9AD /* Manrope-SemiBold.ttf */; };
		80A4F5942B836800002CC9AD /* Manrope-ExtraBold.ttf in Resources */ = {isa = PBXBuildFile; fileRef = 80A4F58D2B836800002CC9AD /* Manrope-ExtraBold.ttf */; };
		80A4F5952B836800002CC9AD /* Manrope-ExtraLight.ttf in Resources */ = {isa = PBXBuildFile; fileRef = 80A4F58E2B836800002CC9AD /* Manrope-ExtraLight.ttf */; };
		80A4F5962B836800002CC9AD /* Manrope-Light.ttf in Resources */ = {isa = PBXBuildFile; fileRef = 80A4F58F2B836800002CC9AD /* Manrope-Light.ttf */; };
		80A4F5972B836800002CC9AD /* Manrope-Medium.ttf in Resources */ = {isa = PBXBuildFile; fileRef = 80A4F5902B836800002CC9AD /* Manrope-Medium.ttf */; };
		80A4F5982B836800002CC9AD /* Manrope-Bold.ttf in Resources */ = {isa = PBXBuildFile; fileRef = 80A4F5912B836800002CC9AD /* Manrope-Bold.ttf */; };
		80A4F5992B836800002CC9AD /* Manrope-Regular.ttf in Resources */ = {isa = PBXBuildFile; fileRef = 80A4F5922B836800002CC9AD /* Manrope-Regular.ttf */; };
		80A4F59B2B83690F002CC9AD /* YOUFontsProvider.swift in Sources */ = {isa = PBXBuildFile; fileRef = 80A4F59A2B83690F002CC9AD /* YOUFontsProvider.swift */; };
		80A4F59C2B836C66002CC9AD /* Manrope-Bold.ttf in Resources */ = {isa = PBXBuildFile; fileRef = 80A4F5912B836800002CC9AD /* Manrope-Bold.ttf */; };
		80A4F59D2B836C66002CC9AD /* Manrope-ExtraBold.ttf in Resources */ = {isa = PBXBuildFile; fileRef = 80A4F58D2B836800002CC9AD /* Manrope-ExtraBold.ttf */; };
		80A4F59E2B836C66002CC9AD /* Manrope-ExtraLight.ttf in Resources */ = {isa = PBXBuildFile; fileRef = 80A4F58E2B836800002CC9AD /* Manrope-ExtraLight.ttf */; };
		80A4F59F2B836C66002CC9AD /* Manrope-Medium.ttf in Resources */ = {isa = PBXBuildFile; fileRef = 80A4F5902B836800002CC9AD /* Manrope-Medium.ttf */; };
		80A4F5A02B836C66002CC9AD /* Manrope-Regular.ttf in Resources */ = {isa = PBXBuildFile; fileRef = 80A4F5922B836800002CC9AD /* Manrope-Regular.ttf */; };
		80A4F5A12B836C66002CC9AD /* Manrope-Light.ttf in Resources */ = {isa = PBXBuildFile; fileRef = 80A4F58F2B836800002CC9AD /* Manrope-Light.ttf */; };
		80A4F5A22B836C66002CC9AD /* Manrope-SemiBold.ttf in Resources */ = {isa = PBXBuildFile; fileRef = 80A4F58C2B836800002CC9AD /* Manrope-SemiBold.ttf */; };
		80A739562B851E0F00A5A482 /* CustomNavigationViewController.swift in Sources */ = {isa = PBXBuildFile; fileRef = 80A739552B851E0F00A5A482 /* CustomNavigationViewController.swift */; };
		80A7395A2B85262000A5A482 /* LoginMainVC.swift in Sources */ = {isa = PBXBuildFile; fileRef = 80A739592B85262000A5A482 /* LoginMainVC.swift */; };
		80BF5E5F2B8A029F0017524F /* LoginButtonsCell.swift in Sources */ = {isa = PBXBuildFile; fileRef = 80BF5E5E2B8A029F0017524F /* LoginButtonsCell.swift */; };
		80BF5E612B8A10410017524F /* LoginSeparatorCell.swift in Sources */ = {isa = PBXBuildFile; fileRef = 80BF5E602B8A10410017524F /* LoginSeparatorCell.swift */; };
		80BF5E632B8A1AF60017524F /* LoginSocialNetworksCell.swift in Sources */ = {isa = PBXBuildFile; fileRef = 80BF5E622B8A1AF60017524F /* LoginSocialNetworksCell.swift */; };
		80BF5E652B8A1B7D0017524F /* LoginSocialNetworksProvider.swift in Sources */ = {isa = PBXBuildFile; fileRef = 80BF5E642B8A1B7D0017524F /* LoginSocialNetworksProvider.swift */; };
		80BF5E672B8A29530017524F /* LoginRegisterCell.swift in Sources */ = {isa = PBXBuildFile; fileRef = 80BF5E662B8A29530017524F /* LoginRegisterCell.swift */; };
/* End PBXBuildFile section */

/* Begin PBXContainerItemProxy section */
		8032A56A2B820BA000294DD7 /* PBXContainerItemProxy */ = {
			isa = PBXContainerItemProxy;
			containerPortal = 8032A53F2B820B7600294DD7 /* Project object */;
			proxyType = 1;
			remoteGlobalIDString = 8032A5652B820BA000294DD7;
			remoteInfo = YOUNetworking;
		};
		8032A57F2B820D8200294DD7 /* PBXContainerItemProxy */ = {
			isa = PBXContainerItemProxy;
			containerPortal = 8032A53F2B820B7600294DD7 /* Project object */;
			proxyType = 1;
			remoteGlobalIDString = 8032A57A2B820D8200294DD7;
			remoteInfo = YOUUIComponents;
		};
		8032A5912B820E6C00294DD7 /* PBXContainerItemProxy */ = {
			isa = PBXContainerItemProxy;
			containerPortal = 8032A53F2B820B7600294DD7 /* Project object */;
			proxyType = 1;
			remoteGlobalIDString = 8032A58C2B820E6C00294DD7;
			remoteInfo = YOUAuthorization;
		};
		80A4F57B2B8361CB002CC9AD /* PBXContainerItemProxy */ = {
			isa = PBXContainerItemProxy;
			containerPortal = 8032A53F2B820B7600294DD7 /* Project object */;
			proxyType = 1;
			remoteGlobalIDString = 80A4F5762B8361CB002CC9AD;
			remoteInfo = YOUUtils;
		};
/* End PBXContainerItemProxy section */

/* Begin PBXCopyFilesBuildPhase section */
		8032A5712B820BA000294DD7 /* Embed Frameworks */ = {
			isa = PBXCopyFilesBuildPhase;
			buildActionMask = 2147483647;
			dstPath = "";
			dstSubfolderSpec = 10;
			files = (
				80A4F57E2B8361CB002CC9AD /* YOUUtils.framework in Embed Frameworks */,
				8032A5822B820D8200294DD7 /* YOUUIComponents.framework in Embed Frameworks */,
				8032A5942B820E6C00294DD7 /* YOUAuthorization.framework in Embed Frameworks */,
				8032A56D2B820BA000294DD7 /* YOUNetworking.framework in Embed Frameworks */,
			);
			name = "Embed Frameworks";
			runOnlyForDeploymentPostprocessing = 0;
		};
/* End PBXCopyFilesBuildPhase section */

/* Begin PBXFileReference section */
		8032A5472B820B7600294DD7 /* YOU360.app */ = {isa = PBXFileReference; explicitFileType = wrapper.application; includeInIndex = 0; path = YOU360.app; sourceTree = BUILT_PRODUCTS_DIR; };
		8032A54A2B820B7600294DD7 /* AppDelegate.swift */ = {isa = PBXFileReference; lastKnownFileType = sourcecode.swift; path = AppDelegate.swift; sourceTree = "<group>"; };
		8032A54C2B820B7600294DD7 /* SceneDelegate.swift */ = {isa = PBXFileReference; lastKnownFileType = sourcecode.swift; path = SceneDelegate.swift; sourceTree = "<group>"; };
		8032A54E2B820B7600294DD7 /* AppRootViewController.swift */ = {isa = PBXFileReference; lastKnownFileType = sourcecode.swift; path = AppRootViewController.swift; sourceTree = "<group>"; };
		8032A5512B820B7600294DD7 /* Base */ = {isa = PBXFileReference; lastKnownFileType = file.storyboard; name = Base; path = Base.lproj/Main.storyboard; sourceTree = "<group>"; };
		8032A5542B820B7600294DD7 /* YOU360.xcdatamodel */ = {isa = PBXFileReference; lastKnownFileType = wrapper.xcdatamodel; path = YOU360.xcdatamodel; sourceTree = "<group>"; };
		8032A5562B820B7700294DD7 /* Assets.xcassets */ = {isa = PBXFileReference; lastKnownFileType = folder.assetcatalog; path = Assets.xcassets; sourceTree = "<group>"; };
		8032A5592B820B7700294DD7 /* Base */ = {isa = PBXFileReference; lastKnownFileType = file.storyboard; name = Base; path = Base.lproj/LaunchScreen.storyboard; sourceTree = "<group>"; };
		8032A55B2B820B7700294DD7 /* Info.plist */ = {isa = PBXFileReference; lastKnownFileType = text.plist.xml; path = Info.plist; sourceTree = "<group>"; };
		8032A5662B820BA000294DD7 /* YOUNetworking.framework */ = {isa = PBXFileReference; explicitFileType = wrapper.framework; includeInIndex = 0; path = YOUNetworking.framework; sourceTree = BUILT_PRODUCTS_DIR; };
		8032A5682B820BA000294DD7 /* YOUNetworking.h */ = {isa = PBXFileReference; lastKnownFileType = sourcecode.c.h; path = YOUNetworking.h; sourceTree = "<group>"; };
		8032A5722B820BBD00294DD7 /* NetworkRequestMaking.swift */ = {isa = PBXFileReference; lastKnownFileType = sourcecode.swift; path = NetworkRequestMaking.swift; sourceTree = "<group>"; };
		8032A5742B820C2100294DD7 /* YOUNetworkingServices.swift */ = {isa = PBXFileReference; lastKnownFileType = sourcecode.swift; path = YOUNetworkingServices.swift; sourceTree = "<group>"; };
		8032A57B2B820D8200294DD7 /* YOUUIComponents.framework */ = {isa = PBXFileReference; explicitFileType = wrapper.framework; includeInIndex = 0; path = YOUUIComponents.framework; sourceTree = BUILT_PRODUCTS_DIR; };
		8032A57D2B820D8200294DD7 /* YOUUIComponents.h */ = {isa = PBXFileReference; lastKnownFileType = sourcecode.c.h; path = YOUUIComponents.h; sourceTree = "<group>"; };
		8032A5862B820DF400294DD7 /* MainRouter.swift */ = {isa = PBXFileReference; lastKnownFileType = sourcecode.swift; path = MainRouter.swift; sourceTree = "<group>"; };
		8032A58D2B820E6C00294DD7 /* YOUAuthorization.framework */ = {isa = PBXFileReference; explicitFileType = wrapper.framework; includeInIndex = 0; path = YOUAuthorization.framework; sourceTree = BUILT_PRODUCTS_DIR; };
		8032A58F2B820E6C00294DD7 /* YOUAuthorization.h */ = {isa = PBXFileReference; lastKnownFileType = sourcecode.c.h; path = YOUAuthorization.h; sourceTree = "<group>"; };
		8032A5982B822D8200294DD7 /* AuthorizationService.swift */ = {isa = PBXFileReference; lastKnownFileType = sourcecode.swift; path = AuthorizationService.swift; sourceTree = "<group>"; };
		8054AA4B2B83D045001AFCF4 /* ColorPallete.swift */ = {isa = PBXFileReference; lastKnownFileType = sourcecode.swift; path = ColorPallete.swift; sourceTree = "<group>"; };
		8054AA4D2B83D086001AFCF4 /* Color+Hex.swift */ = {isa = PBXFileReference; lastKnownFileType = sourcecode.swift; path = "Color+Hex.swift"; sourceTree = "<group>"; };
		806B3E972B8683F9007A695D /* TextFieldWithError.swift */ = {isa = PBXFileReference; lastKnownFileType = sourcecode.swift; path = TextFieldWithError.swift; sourceTree = "<group>"; };
		806B3E992B87A3EB007A695D /* TopRoundedView.swift */ = {isa = PBXFileReference; lastKnownFileType = sourcecode.swift; path = TopRoundedView.swift; sourceTree = "<group>"; };
		806B3E9B2B87AE99007A695D /* CustomNavigationBar.swift */ = {isa = PBXFileReference; lastKnownFileType = sourcecode.swift; path = CustomNavigationBar.swift; sourceTree = "<group>"; };
		806E88942B88FBEC00D45FDA /* LoginFieldsCell.swift */ = {isa = PBXFileReference; lastKnownFileType = sourcecode.swift; path = LoginFieldsCell.swift; sourceTree = "<group>"; };
		8096B74C2B88A60E0015D917 /* LoginMainVCViewModel.swift */ = {isa = PBXFileReference; lastKnownFileType = sourcecode.swift; path = LoginMainVCViewModel.swift; sourceTree = "<group>"; };
		8096B7572B88B2CD0015D917 /* LoginTitleCell.swift */ = {isa = PBXFileReference; fileEncoding = 4; lastKnownFileType = sourcecode.swift; path = LoginTitleCell.swift; sourceTree = "<group>"; };
		80A4F5672B823C17002CC9AD /* AuthorizationRouter.swift */ = {isa = PBXFileReference; lastKnownFileType = sourcecode.swift; path = AuthorizationRouter.swift; sourceTree = "<group>"; };
		80A4F56A2B823E8A002CC9AD /* LoginRootVC.swift */ = {isa = PBXFileReference; lastKnownFileType = sourcecode.swift; path = LoginRootVC.swift; sourceTree = "<group>"; };
		80A4F56C2B823F45002CC9AD /* LoginScreensFactory.swift */ = {isa = PBXFileReference; lastKnownFileType = sourcecode.swift; path = LoginScreensFactory.swift; sourceTree = "<group>"; };
		80A4F56E2B824350002CC9AD /* ButtonsFactory.swift */ = {isa = PBXFileReference; lastKnownFileType = sourcecode.swift; path = ButtonsFactory.swift; sourceTree = "<group>"; };
		80A4F5772B8361CB002CC9AD /* YOUUtils.framework */ = {isa = PBXFileReference; explicitFileType = wrapper.framework; includeInIndex = 0; path = YOUUtils.framework; sourceTree = BUILT_PRODUCTS_DIR; };
		80A4F5792B8361CB002CC9AD /* YOUUtils.h */ = {isa = PBXFileReference; lastKnownFileType = sourcecode.c.h; path = YOUUtils.h; sourceTree = "<group>"; };
		80A4F5822B8361DF002CC9AD /* String+Localisation.swift */ = {isa = PBXFileReference; lastKnownFileType = sourcecode.swift; path = "String+Localisation.swift"; sourceTree = "<group>"; };
		80A4F5842B836250002CC9AD /* LocalisedImageProvider.swift */ = {isa = PBXFileReference; lastKnownFileType = sourcecode.swift; path = LocalisedImageProvider.swift; sourceTree = "<group>"; };
		80A4F5862B836410002CC9AD /* Localizable.xcstrings */ = {isa = PBXFileReference; lastKnownFileType = text.json.xcstrings; path = Localizable.xcstrings; sourceTree = "<group>"; };
		80A4F5882B83644C002CC9AD /* ru */ = {isa = PBXFileReference; lastKnownFileType = text.plist.strings; name = ru; path = ru.lproj/Main.strings; sourceTree = "<group>"; };
		80A4F5892B83644C002CC9AD /* ru */ = {isa = PBXFileReference; lastKnownFileType = text.plist.strings; name = ru; path = ru.lproj/LaunchScreen.strings; sourceTree = "<group>"; };
		80A4F58C2B836800002CC9AD /* Manrope-SemiBold.ttf */ = {isa = PBXFileReference; lastKnownFileType = file; path = "Manrope-SemiBold.ttf"; sourceTree = "<group>"; };
		80A4F58D2B836800002CC9AD /* Manrope-ExtraBold.ttf */ = {isa = PBXFileReference; lastKnownFileType = file; path = "Manrope-ExtraBold.ttf"; sourceTree = "<group>"; };
		80A4F58E2B836800002CC9AD /* Manrope-ExtraLight.ttf */ = {isa = PBXFileReference; lastKnownFileType = file; path = "Manrope-ExtraLight.ttf"; sourceTree = "<group>"; };
		80A4F58F2B836800002CC9AD /* Manrope-Light.ttf */ = {isa = PBXFileReference; lastKnownFileType = file; path = "Manrope-Light.ttf"; sourceTree = "<group>"; };
		80A4F5902B836800002CC9AD /* Manrope-Medium.ttf */ = {isa = PBXFileReference; lastKnownFileType = file; path = "Manrope-Medium.ttf"; sourceTree = "<group>"; };
		80A4F5912B836800002CC9AD /* Manrope-Bold.ttf */ = {isa = PBXFileReference; lastKnownFileType = file; path = "Manrope-Bold.ttf"; sourceTree = "<group>"; };
		80A4F5922B836800002CC9AD /* Manrope-Regular.ttf */ = {isa = PBXFileReference; lastKnownFileType = file; path = "Manrope-Regular.ttf"; sourceTree = "<group>"; };
		80A4F59A2B83690F002CC9AD /* YOUFontsProvider.swift */ = {isa = PBXFileReference; lastKnownFileType = sourcecode.swift; path = YOUFontsProvider.swift; sourceTree = "<group>"; };
		80A739552B851E0F00A5A482 /* CustomNavigationViewController.swift */ = {isa = PBXFileReference; lastKnownFileType = sourcecode.swift; path = CustomNavigationViewController.swift; sourceTree = "<group>"; };
		80A739592B85262000A5A482 /* LoginMainVC.swift */ = {isa = PBXFileReference; lastKnownFileType = sourcecode.swift; path = LoginMainVC.swift; sourceTree = "<group>"; };
		80BF5E5E2B8A029F0017524F /* LoginButtonsCell.swift */ = {isa = PBXFileReference; lastKnownFileType = sourcecode.swift; path = LoginButtonsCell.swift; sourceTree = "<group>"; };
		80BF5E602B8A10410017524F /* LoginSeparatorCell.swift */ = {isa = PBXFileReference; lastKnownFileType = sourcecode.swift; path = LoginSeparatorCell.swift; sourceTree = "<group>"; };
		80BF5E622B8A1AF60017524F /* LoginSocialNetworksCell.swift */ = {isa = PBXFileReference; lastKnownFileType = sourcecode.swift; path = LoginSocialNetworksCell.swift; sourceTree = "<group>"; };
		80BF5E642B8A1B7D0017524F /* LoginSocialNetworksProvider.swift */ = {isa = PBXFileReference; lastKnownFileType = sourcecode.swift; path = LoginSocialNetworksProvider.swift; sourceTree = "<group>"; };
		80BF5E662B8A29530017524F /* LoginRegisterCell.swift */ = {isa = PBXFileReference; lastKnownFileType = sourcecode.swift; path = LoginRegisterCell.swift; sourceTree = "<group>"; };
/* End PBXFileReference section */

/* Begin PBXFrameworksBuildPhase section */
		8032A5442B820B7600294DD7 /* Frameworks */ = {
			isa = PBXFrameworksBuildPhase;
			buildActionMask = 2147483647;
			files = (
				80A4F57D2B8361CB002CC9AD /* YOUUtils.framework in Frameworks */,
				8032A5812B820D8200294DD7 /* YOUUIComponents.framework in Frameworks */,
				8032A5932B820E6C00294DD7 /* YOUAuthorization.framework in Frameworks */,
				8032A56C2B820BA000294DD7 /* YOUNetworking.framework in Frameworks */,
			);
			runOnlyForDeploymentPostprocessing = 0;
		};
		8032A5632B820BA000294DD7 /* Frameworks */ = {
			isa = PBXFrameworksBuildPhase;
			buildActionMask = 2147483647;
			files = (
			);
			runOnlyForDeploymentPostprocessing = 0;
		};
		8032A5782B820D8200294DD7 /* Frameworks */ = {
			isa = PBXFrameworksBuildPhase;
			buildActionMask = 2147483647;
			files = (
			);
			runOnlyForDeploymentPostprocessing = 0;
		};
		8032A58A2B820E6C00294DD7 /* Frameworks */ = {
			isa = PBXFrameworksBuildPhase;
			buildActionMask = 2147483647;
			files = (
			);
			runOnlyForDeploymentPostprocessing = 0;
		};
		80A4F5742B8361CB002CC9AD /* Frameworks */ = {
			isa = PBXFrameworksBuildPhase;
			buildActionMask = 2147483647;
			files = (
			);
			runOnlyForDeploymentPostprocessing = 0;
		};
/* End PBXFrameworksBuildPhase section */

/* Begin PBXGroup section */
		8032A53E2B820B7600294DD7 = {
			isa = PBXGroup;
			children = (
				8032A5492B820B7600294DD7 /* YOU360 */,
				8032A5672B820BA000294DD7 /* YOUNetworking */,
				8032A57C2B820D8200294DD7 /* YOUUIComponents */,
				8032A58E2B820E6C00294DD7 /* YOUAuthorization */,
				80A4F5782B8361CB002CC9AD /* YOUUtils */,
				8032A5482B820B7600294DD7 /* Products */,
			);
			sourceTree = "<group>";
		};
		8032A5482B820B7600294DD7 /* Products */ = {
			isa = PBXGroup;
			children = (
				8032A5472B820B7600294DD7 /* YOU360.app */,
				8032A5662B820BA000294DD7 /* YOUNetworking.framework */,
				8032A57B2B820D8200294DD7 /* YOUUIComponents.framework */,
				8032A58D2B820E6C00294DD7 /* YOUAuthorization.framework */,
				80A4F5772B8361CB002CC9AD /* YOUUtils.framework */,
			);
			name = Products;
			sourceTree = "<group>";
		};
		8032A5492B820B7600294DD7 /* YOU360 */ = {
			isa = PBXGroup;
			children = (
				8032A54A2B820B7600294DD7 /* AppDelegate.swift */,
				8032A54C2B820B7600294DD7 /* SceneDelegate.swift */,
				8032A54E2B820B7600294DD7 /* AppRootViewController.swift */,
				8032A5502B820B7600294DD7 /* Main.storyboard */,
				8032A5562B820B7700294DD7 /* Assets.xcassets */,
				8032A5582B820B7700294DD7 /* LaunchScreen.storyboard */,
				8032A55B2B820B7700294DD7 /* Info.plist */,
				8032A5532B820B7600294DD7 /* YOU360.xcdatamodeld */,
				8032A5862B820DF400294DD7 /* MainRouter.swift */,
				80A4F5862B836410002CC9AD /* Localizable.xcstrings */,
			);
			path = YOU360;
			sourceTree = "<group>";
		};
		8032A5672B820BA000294DD7 /* YOUNetworking */ = {
			isa = PBXGroup;
			children = (
				8032A5682B820BA000294DD7 /* YOUNetworking.h */,
				8032A5722B820BBD00294DD7 /* NetworkRequestMaking.swift */,
				8032A5742B820C2100294DD7 /* YOUNetworkingServices.swift */,
			);
			path = YOUNetworking;
			sourceTree = "<group>";
		};
		8032A57C2B820D8200294DD7 /* YOUUIComponents */ = {
			isa = PBXGroup;
			children = (
				8032A57D2B820D8200294DD7 /* YOUUIComponents.h */,
				80A4F56E2B824350002CC9AD /* ButtonsFactory.swift */,
				80A739552B851E0F00A5A482 /* CustomNavigationViewController.swift */,
				806B3E9B2B87AE99007A695D /* CustomNavigationBar.swift */,
				806B3E972B8683F9007A695D /* TextFieldWithError.swift */,
				806B3E992B87A3EB007A695D /* TopRoundedView.swift */,
			);
			path = YOUUIComponents;
			sourceTree = "<group>";
		};
		8032A58E2B820E6C00294DD7 /* YOUAuthorization */ = {
			isa = PBXGroup;
			children = (
				8032A58F2B820E6C00294DD7 /* YOUAuthorization.h */,
				8032A5982B822D8200294DD7 /* AuthorizationService.swift */,
				80A4F5672B823C17002CC9AD /* AuthorizationRouter.swift */,
				80BF5E642B8A1B7D0017524F /* LoginSocialNetworksProvider.swift */,
				8096B7552B88B2B90015D917 /* Cells */,
				80A4F5692B823E6E002CC9AD /* Screens */,
			);
			path = YOUAuthorization;
			sourceTree = "<group>";
		};
		8096B7552B88B2B90015D917 /* Cells */ = {
			isa = PBXGroup;
			children = (
				8096B7562B88B2C60015D917 /* Login */,
			);
			path = Cells;
			sourceTree = "<group>";
		};
		8096B7562B88B2C60015D917 /* Login */ = {
			isa = PBXGroup;
			children = (
				8096B7572B88B2CD0015D917 /* LoginTitleCell.swift */,
				806E88942B88FBEC00D45FDA /* LoginFieldsCell.swift */,
				80BF5E5E2B8A029F0017524F /* LoginButtonsCell.swift */,
				80BF5E602B8A10410017524F /* LoginSeparatorCell.swift */,
				80BF5E622B8A1AF60017524F /* LoginSocialNetworksCell.swift */,
				80BF5E662B8A29530017524F /* LoginRegisterCell.swift */,
			);
			path = Login;
			sourceTree = "<group>";
		};
		80A4F5692B823E6E002CC9AD /* Screens */ = {
			isa = PBXGroup;
			children = (
				80A4F56C2B823F45002CC9AD /* LoginScreensFactory.swift */,
				80A4F56A2B823E8A002CC9AD /* LoginRootVC.swift */,
				80A739592B85262000A5A482 /* LoginMainVC.swift */,
				8096B74C2B88A60E0015D917 /* LoginMainVCViewModel.swift */,
			);
			path = Screens;
			sourceTree = "<group>";
		};
		80A4F5782B8361CB002CC9AD /* YOUUtils */ = {
			isa = PBXGroup;
			children = (
				80A4F5792B8361CB002CC9AD /* YOUUtils.h */,
				80A4F5822B8361DF002CC9AD /* String+Localisation.swift */,
				8054AA4D2B83D086001AFCF4 /* Color+Hex.swift */,
				80A4F5842B836250002CC9AD /* LocalisedImageProvider.swift */,
				80A4F59A2B83690F002CC9AD /* YOUFontsProvider.swift */,
				8054AA4B2B83D045001AFCF4 /* ColorPallete.swift */,
				80A4F58A2B8367AA002CC9AD /* fonts */,
			);
			path = YOUUtils;
			sourceTree = "<group>";
		};
		80A4F58A2B8367AA002CC9AD /* fonts */ = {
			isa = PBXGroup;
			children = (
				80A4F58B2B8367EE002CC9AD /* Manrope */,
			);
			path = fonts;
			sourceTree = "<group>";
		};
		80A4F58B2B8367EE002CC9AD /* Manrope */ = {
			isa = PBXGroup;
			children = (
				80A4F5912B836800002CC9AD /* Manrope-Bold.ttf */,
				80A4F58D2B836800002CC9AD /* Manrope-ExtraBold.ttf */,
				80A4F58E2B836800002CC9AD /* Manrope-ExtraLight.ttf */,
				80A4F58F2B836800002CC9AD /* Manrope-Light.ttf */,
				80A4F5902B836800002CC9AD /* Manrope-Medium.ttf */,
				80A4F5922B836800002CC9AD /* Manrope-Regular.ttf */,
				80A4F58C2B836800002CC9AD /* Manrope-SemiBold.ttf */,
			);
			path = Manrope;
			sourceTree = "<group>";
		};
/* End PBXGroup section */

/* Begin PBXHeadersBuildPhase section */
		8032A5612B820BA000294DD7 /* Headers */ = {
			isa = PBXHeadersBuildPhase;
			buildActionMask = 2147483647;
			files = (
				8032A5692B820BA000294DD7 /* YOUNetworking.h in Headers */,
			);
			runOnlyForDeploymentPostprocessing = 0;
		};
		8032A5762B820D8200294DD7 /* Headers */ = {
			isa = PBXHeadersBuildPhase;
			buildActionMask = 2147483647;
			files = (
				8032A57E2B820D8200294DD7 /* YOUUIComponents.h in Headers */,
			);
			runOnlyForDeploymentPostprocessing = 0;
		};
		8032A5882B820E6C00294DD7 /* Headers */ = {
			isa = PBXHeadersBuildPhase;
			buildActionMask = 2147483647;
			files = (
				8032A5902B820E6C00294DD7 /* YOUAuthorization.h in Headers */,
			);
			runOnlyForDeploymentPostprocessing = 0;
		};
		80A4F5722B8361CB002CC9AD /* Headers */ = {
			isa = PBXHeadersBuildPhase;
			buildActionMask = 2147483647;
			files = (
				80A4F57A2B8361CB002CC9AD /* YOUUtils.h in Headers */,
			);
			runOnlyForDeploymentPostprocessing = 0;
		};
/* End PBXHeadersBuildPhase section */

/* Begin PBXNativeTarget section */
		8032A5462B820B7600294DD7 /* YOU360 */ = {
			isa = PBXNativeTarget;
			buildConfigurationList = 8032A55E2B820B7700294DD7 /* Build configuration list for PBXNativeTarget "YOU360" */;
			buildPhases = (
				8032A5432B820B7600294DD7 /* Sources */,
				8032A5442B820B7600294DD7 /* Frameworks */,
				8032A5452B820B7600294DD7 /* Resources */,
				8032A5712B820BA000294DD7 /* Embed Frameworks */,
			);
			buildRules = (
			);
			dependencies = (
				8032A56B2B820BA000294DD7 /* PBXTargetDependency */,
				8032A5802B820D8200294DD7 /* PBXTargetDependency */,
				8032A5922B820E6C00294DD7 /* PBXTargetDependency */,
				80A4F57C2B8361CB002CC9AD /* PBXTargetDependency */,
			);
			name = YOU360;
			productName = YOU360;
			productReference = 8032A5472B820B7600294DD7 /* YOU360.app */;
			productType = "com.apple.product-type.application";
		};
		8032A5652B820BA000294DD7 /* YOUNetworking */ = {
			isa = PBXNativeTarget;
			buildConfigurationList = 8032A56E2B820BA000294DD7 /* Build configuration list for PBXNativeTarget "YOUNetworking" */;
			buildPhases = (
				8032A5612B820BA000294DD7 /* Headers */,
				8032A5622B820BA000294DD7 /* Sources */,
				8032A5632B820BA000294DD7 /* Frameworks */,
				8032A5642B820BA000294DD7 /* Resources */,
			);
			buildRules = (
			);
			dependencies = (
			);
			name = YOUNetworking;
			productName = YOUNetworking;
			productReference = 8032A5662B820BA000294DD7 /* YOUNetworking.framework */;
			productType = "com.apple.product-type.framework";
		};
		8032A57A2B820D8200294DD7 /* YOUUIComponents */ = {
			isa = PBXNativeTarget;
			buildConfigurationList = 8032A5832B820D8200294DD7 /* Build configuration list for PBXNativeTarget "YOUUIComponents" */;
			buildPhases = (
				8032A5762B820D8200294DD7 /* Headers */,
				8032A5772B820D8200294DD7 /* Sources */,
				8032A5782B820D8200294DD7 /* Frameworks */,
				8032A5792B820D8200294DD7 /* Resources */,
			);
			buildRules = (
			);
			dependencies = (
			);
			name = YOUUIComponents;
			productName = YOUUIComponents;
			productReference = 8032A57B2B820D8200294DD7 /* YOUUIComponents.framework */;
			productType = "com.apple.product-type.framework";
		};
		8032A58C2B820E6C00294DD7 /* YOUAuthorization */ = {
			isa = PBXNativeTarget;
			buildConfigurationList = 8032A5952B820E6C00294DD7 /* Build configuration list for PBXNativeTarget "YOUAuthorization" */;
			buildPhases = (
				8032A5882B820E6C00294DD7 /* Headers */,
				8032A5892B820E6C00294DD7 /* Sources */,
				8032A58A2B820E6C00294DD7 /* Frameworks */,
				8032A58B2B820E6C00294DD7 /* Resources */,
			);
			buildRules = (
			);
			dependencies = (
			);
			name = YOUAuthorization;
			productName = YOUAuthorization;
			productReference = 8032A58D2B820E6C00294DD7 /* YOUAuthorization.framework */;
			productType = "com.apple.product-type.framework";
		};
		80A4F5762B8361CB002CC9AD /* YOUUtils */ = {
			isa = PBXNativeTarget;
			buildConfigurationList = 80A4F5812B8361CB002CC9AD /* Build configuration list for PBXNativeTarget "YOUUtils" */;
			buildPhases = (
				80A4F5722B8361CB002CC9AD /* Headers */,
				80A4F5732B8361CB002CC9AD /* Sources */,
				80A4F5742B8361CB002CC9AD /* Frameworks */,
				80A4F5752B8361CB002CC9AD /* Resources */,
			);
			buildRules = (
			);
			dependencies = (
			);
			name = YOUUtils;
			productName = YOUUtils;
			productReference = 80A4F5772B8361CB002CC9AD /* YOUUtils.framework */;
			productType = "com.apple.product-type.framework";
		};
/* End PBXNativeTarget section */

/* Begin PBXProject section */
		8032A53F2B820B7600294DD7 /* Project object */ = {
			isa = PBXProject;
			attributes = {
				BuildIndependentTargetsInParallel = 1;
				LastSwiftUpdateCheck = 1500;
				LastUpgradeCheck = 1500;
				TargetAttributes = {
					8032A5462B820B7600294DD7 = {
						CreatedOnToolsVersion = 15.0;
					};
					8032A5652B820BA000294DD7 = {
						CreatedOnToolsVersion = 15.0;
						LastSwiftMigration = 1500;
					};
					8032A57A2B820D8200294DD7 = {
						CreatedOnToolsVersion = 15.0;
						LastSwiftMigration = 1500;
					};
					8032A58C2B820E6C00294DD7 = {
						CreatedOnToolsVersion = 15.0;
						LastSwiftMigration = 1500;
					};
					80A4F5762B8361CB002CC9AD = {
						CreatedOnToolsVersion = 15.0;
						LastSwiftMigration = 1500;
					};
				};
			};
			buildConfigurationList = 8032A5422B820B7600294DD7 /* Build configuration list for PBXProject "YOU360" */;
			compatibilityVersion = "Xcode 14.0";
			developmentRegion = en;
			hasScannedForEncodings = 0;
			knownRegions = (
				en,
				Base,
				ru,
			);
			mainGroup = 8032A53E2B820B7600294DD7;
			productRefGroup = 8032A5482B820B7600294DD7 /* Products */;
			projectDirPath = "";
			projectRoot = "";
			targets = (
				8032A5462B820B7600294DD7 /* YOU360 */,
				8032A5652B820BA000294DD7 /* YOUNetworking */,
				8032A57A2B820D8200294DD7 /* YOUUIComponents */,
				8032A58C2B820E6C00294DD7 /* YOUAuthorization */,
				80A4F5762B8361CB002CC9AD /* YOUUtils */,
			);
		};
/* End PBXProject section */

/* Begin PBXResourcesBuildPhase section */
		8032A5452B820B7600294DD7 /* Resources */ = {
			isa = PBXResourcesBuildPhase;
			buildActionMask = 2147483647;
			files = (
				8032A55A2B820B7700294DD7 /* LaunchScreen.storyboard in Resources */,
				80A4F59C2B836C66002CC9AD /* Manrope-Bold.ttf in Resources */,
				8032A5572B820B7700294DD7 /* Assets.xcassets in Resources */,
				80A4F59D2B836C66002CC9AD /* Manrope-ExtraBold.ttf in Resources */,
				80A4F5A22B836C66002CC9AD /* Manrope-SemiBold.ttf in Resources */,
				80A4F5A12B836C66002CC9AD /* Manrope-Light.ttf in Resources */,
				80A4F5872B836410002CC9AD /* Localizable.xcstrings in Resources */,
				80A4F5A02B836C66002CC9AD /* Manrope-Regular.ttf in Resources */,
				80A4F59E2B836C66002CC9AD /* Manrope-ExtraLight.ttf in Resources */,
				80A4F59F2B836C66002CC9AD /* Manrope-Medium.ttf in Resources */,
				8032A5522B820B7600294DD7 /* Main.storyboard in Resources */,
			);
			runOnlyForDeploymentPostprocessing = 0;
		};
		8032A5642B820BA000294DD7 /* Resources */ = {
			isa = PBXResourcesBuildPhase;
			buildActionMask = 2147483647;
			files = (
			);
			runOnlyForDeploymentPostprocessing = 0;
		};
		8032A5792B820D8200294DD7 /* Resources */ = {
			isa = PBXResourcesBuildPhase;
			buildActionMask = 2147483647;
			files = (
			);
			runOnlyForDeploymentPostprocessing = 0;
		};
		8032A58B2B820E6C00294DD7 /* Resources */ = {
			isa = PBXResourcesBuildPhase;
			buildActionMask = 2147483647;
			files = (
			);
			runOnlyForDeploymentPostprocessing = 0;
		};
		80A4F5752B8361CB002CC9AD /* Resources */ = {
			isa = PBXResourcesBuildPhase;
			buildActionMask = 2147483647;
			files = (
				80A4F5962B836800002CC9AD /* Manrope-Light.ttf in Resources */,
				80A4F5932B836800002CC9AD /* Manrope-SemiBold.ttf in Resources */,
				80A4F5952B836800002CC9AD /* Manrope-ExtraLight.ttf in Resources */,
				80A4F5942B836800002CC9AD /* Manrope-ExtraBold.ttf in Resources */,
				80A4F5982B836800002CC9AD /* Manrope-Bold.ttf in Resources */,
				80A4F5972B836800002CC9AD /* Manrope-Medium.ttf in Resources */,
				80A4F5992B836800002CC9AD /* Manrope-Regular.ttf in Resources */,
			);
			runOnlyForDeploymentPostprocessing = 0;
		};
/* End PBXResourcesBuildPhase section */

/* Begin PBXSourcesBuildPhase section */
		8032A5432B820B7600294DD7 /* Sources */ = {
			isa = PBXSourcesBuildPhase;
			buildActionMask = 2147483647;
			files = (
				8032A5872B820DF400294DD7 /* MainRouter.swift in Sources */,
				8032A54F2B820B7600294DD7 /* AppRootViewController.swift in Sources */,
				8032A5552B820B7600294DD7 /* YOU360.xcdatamodeld in Sources */,
				8032A54B2B820B7600294DD7 /* AppDelegate.swift in Sources */,
				8032A54D2B820B7600294DD7 /* SceneDelegate.swift in Sources */,
			);
			runOnlyForDeploymentPostprocessing = 0;
		};
		8032A5622B820BA000294DD7 /* Sources */ = {
			isa = PBXSourcesBuildPhase;
			buildActionMask = 2147483647;
			files = (
				8032A5732B820BBD00294DD7 /* NetworkRequestMaking.swift in Sources */,
				8032A5752B820C2100294DD7 /* YOUNetworkingServices.swift in Sources */,
			);
			runOnlyForDeploymentPostprocessing = 0;
		};
		8032A5772B820D8200294DD7 /* Sources */ = {
			isa = PBXSourcesBuildPhase;
			buildActionMask = 2147483647;
			files = (
				80A4F56F2B824350002CC9AD /* ButtonsFactory.swift in Sources */,
				806B3E982B8683F9007A695D /* TextFieldWithError.swift in Sources */,
				806B3E9A2B87A3EB007A695D /* TopRoundedView.swift in Sources */,
				80A739562B851E0F00A5A482 /* CustomNavigationViewController.swift in Sources */,
				806B3E9C2B87AE99007A695D /* CustomNavigationBar.swift in Sources */,
			);
			runOnlyForDeploymentPostprocessing = 0;
		};
		8032A5892B820E6C00294DD7 /* Sources */ = {
			isa = PBXSourcesBuildPhase;
			buildActionMask = 2147483647;
			files = (
				806E88952B88FBEC00D45FDA /* LoginFieldsCell.swift in Sources */,
				80A4F56D2B823F45002CC9AD /* LoginScreensFactory.swift in Sources */,
				80A4F5682B823C17002CC9AD /* AuthorizationRouter.swift in Sources */,
				8096B74D2B88A60E0015D917 /* LoginMainVCViewModel.swift in Sources */,
				80BF5E632B8A1AF60017524F /* LoginSocialNetworksCell.swift in Sources */,
				8032A5992B822D8200294DD7 /* AuthorizationService.swift in Sources */,
				80A7395A2B85262000A5A482 /* LoginMainVC.swift in Sources */,
				80BF5E5F2B8A029F0017524F /* LoginButtonsCell.swift in Sources */,
				80BF5E652B8A1B7D0017524F /* LoginSocialNetworksProvider.swift in Sources */,
				80BF5E612B8A10410017524F /* LoginSeparatorCell.swift in Sources */,
				8096B7582B88B2CD0015D917 /* LoginTitleCell.swift in Sources */,
				80A4F56B2B823E8A002CC9AD /* LoginRootVC.swift in Sources */,
				80BF5E672B8A29530017524F /* LoginRegisterCell.swift in Sources */,
			);
			runOnlyForDeploymentPostprocessing = 0;
		};
		80A4F5732B8361CB002CC9AD /* Sources */ = {
			isa = PBXSourcesBuildPhase;
			buildActionMask = 2147483647;
			files = (
				80A4F5832B8361DF002CC9AD /* String+Localisation.swift in Sources */,
				80A4F5852B836250002CC9AD /* LocalisedImageProvider.swift in Sources */,
				80A4F59B2B83690F002CC9AD /* YOUFontsProvider.swift in Sources */,
				8054AA4C2B83D045001AFCF4 /* ColorPallete.swift in Sources */,
				8054AA4E2B83D086001AFCF4 /* Color+Hex.swift in Sources */,
			);
			runOnlyForDeploymentPostprocessing = 0;
		};
/* End PBXSourcesBuildPhase section */

/* Begin PBXTargetDependency section */
		8032A56B2B820BA000294DD7 /* PBXTargetDependency */ = {
			isa = PBXTargetDependency;
			target = 8032A5652B820BA000294DD7 /* YOUNetworking */;
			targetProxy = 8032A56A2B820BA000294DD7 /* PBXContainerItemProxy */;
		};
		8032A5802B820D8200294DD7 /* PBXTargetDependency */ = {
			isa = PBXTargetDependency;
			target = 8032A57A2B820D8200294DD7 /* YOUUIComponents */;
			targetProxy = 8032A57F2B820D8200294DD7 /* PBXContainerItemProxy */;
		};
		8032A5922B820E6C00294DD7 /* PBXTargetDependency */ = {
			isa = PBXTargetDependency;
			target = 8032A58C2B820E6C00294DD7 /* YOUAuthorization */;
			targetProxy = 8032A5912B820E6C00294DD7 /* PBXContainerItemProxy */;
		};
		80A4F57C2B8361CB002CC9AD /* PBXTargetDependency */ = {
			isa = PBXTargetDependency;
			target = 80A4F5762B8361CB002CC9AD /* YOUUtils */;
			targetProxy = 80A4F57B2B8361CB002CC9AD /* PBXContainerItemProxy */;
		};
/* End PBXTargetDependency section */

/* Begin PBXVariantGroup section */
		8032A5502B820B7600294DD7 /* Main.storyboard */ = {
			isa = PBXVariantGroup;
			children = (
				8032A5512B820B7600294DD7 /* Base */,
				80A4F5882B83644C002CC9AD /* ru */,
			);
			name = Main.storyboard;
			sourceTree = "<group>";
		};
		8032A5582B820B7700294DD7 /* LaunchScreen.storyboard */ = {
			isa = PBXVariantGroup;
			children = (
				8032A5592B820B7700294DD7 /* Base */,
				80A4F5892B83644C002CC9AD /* ru */,
			);
			name = LaunchScreen.storyboard;
			sourceTree = "<group>";
		};
/* End PBXVariantGroup section */

/* Begin XCBuildConfiguration section */
		8032A55C2B820B7700294DD7 /* Debug */ = {
			isa = XCBuildConfiguration;
			buildSettings = {
				ALWAYS_SEARCH_USER_PATHS = NO;
				ASSETCATALOG_COMPILER_GENERATE_SWIFT_ASSET_SYMBOL_EXTENSIONS = YES;
				CLANG_ANALYZER_LOCALIZABILITY_NONLOCALIZED = YES;
				CLANG_ANALYZER_NONNULL = YES;
				CLANG_ANALYZER_NUMBER_OBJECT_CONVERSION = YES_AGGRESSIVE;
				CLANG_CXX_LANGUAGE_STANDARD = "gnu++20";
				CLANG_ENABLE_MODULES = YES;
				CLANG_ENABLE_OBJC_ARC = YES;
				CLANG_ENABLE_OBJC_WEAK = YES;
				CLANG_WARN_BLOCK_CAPTURE_AUTORELEASING = YES;
				CLANG_WARN_BOOL_CONVERSION = YES;
				CLANG_WARN_COMMA = YES;
				CLANG_WARN_CONSTANT_CONVERSION = YES;
				CLANG_WARN_DEPRECATED_OBJC_IMPLEMENTATIONS = YES;
				CLANG_WARN_DIRECT_OBJC_ISA_USAGE = YES_ERROR;
				CLANG_WARN_DOCUMENTATION_COMMENTS = YES;
				CLANG_WARN_EMPTY_BODY = YES;
				CLANG_WARN_ENUM_CONVERSION = YES;
				CLANG_WARN_INFINITE_RECURSION = YES;
				CLANG_WARN_INT_CONVERSION = YES;
				CLANG_WARN_NON_LITERAL_NULL_CONVERSION = YES;
				CLANG_WARN_OBJC_IMPLICIT_RETAIN_SELF = YES;
				CLANG_WARN_OBJC_LITERAL_CONVERSION = YES;
				CLANG_WARN_OBJC_ROOT_CLASS = YES_ERROR;
				CLANG_WARN_QUOTED_INCLUDE_IN_FRAMEWORK_HEADER = YES;
				CLANG_WARN_RANGE_LOOP_ANALYSIS = YES;
				CLANG_WARN_STRICT_PROTOTYPES = YES;
				CLANG_WARN_SUSPICIOUS_MOVE = YES;
				CLANG_WARN_UNGUARDED_AVAILABILITY = YES_AGGRESSIVE;
				CLANG_WARN_UNREACHABLE_CODE = YES;
				CLANG_WARN__DUPLICATE_METHOD_MATCH = YES;
				COPY_PHASE_STRIP = NO;
				DEBUG_INFORMATION_FORMAT = dwarf;
				ENABLE_STRICT_OBJC_MSGSEND = YES;
				ENABLE_TESTABILITY = YES;
				ENABLE_USER_SCRIPT_SANDBOXING = YES;
				GCC_C_LANGUAGE_STANDARD = gnu17;
				GCC_DYNAMIC_NO_PIC = NO;
				GCC_NO_COMMON_BLOCKS = YES;
				GCC_OPTIMIZATION_LEVEL = 0;
				GCC_PREPROCESSOR_DEFINITIONS = (
					"DEBUG=1",
					"$(inherited)",
				);
				GCC_WARN_64_TO_32_BIT_CONVERSION = YES;
				GCC_WARN_ABOUT_RETURN_TYPE = YES_ERROR;
				GCC_WARN_UNDECLARED_SELECTOR = YES;
				GCC_WARN_UNINITIALIZED_AUTOS = YES_AGGRESSIVE;
				GCC_WARN_UNUSED_FUNCTION = YES;
				GCC_WARN_UNUSED_VARIABLE = YES;
				IPHONEOS_DEPLOYMENT_TARGET = 17.0;
				LOCALIZATION_PREFERS_STRING_CATALOGS = YES;
				MTL_ENABLE_DEBUG_INFO = INCLUDE_SOURCE;
				MTL_FAST_MATH = YES;
				ONLY_ACTIVE_ARCH = YES;
				SDKROOT = iphoneos;
				SWIFT_ACTIVE_COMPILATION_CONDITIONS = "DEBUG $(inherited)";
				SWIFT_OPTIMIZATION_LEVEL = "-Onone";
			};
			name = Debug;
		};
		8032A55D2B820B7700294DD7 /* Release */ = {
			isa = XCBuildConfiguration;
			buildSettings = {
				ALWAYS_SEARCH_USER_PATHS = NO;
				ASSETCATALOG_COMPILER_GENERATE_SWIFT_ASSET_SYMBOL_EXTENSIONS = YES;
				CLANG_ANALYZER_LOCALIZABILITY_NONLOCALIZED = YES;
				CLANG_ANALYZER_NONNULL = YES;
				CLANG_ANALYZER_NUMBER_OBJECT_CONVERSION = YES_AGGRESSIVE;
				CLANG_CXX_LANGUAGE_STANDARD = "gnu++20";
				CLANG_ENABLE_MODULES = YES;
				CLANG_ENABLE_OBJC_ARC = YES;
				CLANG_ENABLE_OBJC_WEAK = YES;
				CLANG_WARN_BLOCK_CAPTURE_AUTORELEASING = YES;
				CLANG_WARN_BOOL_CONVERSION = YES;
				CLANG_WARN_COMMA = YES;
				CLANG_WARN_CONSTANT_CONVERSION = YES;
				CLANG_WARN_DEPRECATED_OBJC_IMPLEMENTATIONS = YES;
				CLANG_WARN_DIRECT_OBJC_ISA_USAGE = YES_ERROR;
				CLANG_WARN_DOCUMENTATION_COMMENTS = YES;
				CLANG_WARN_EMPTY_BODY = YES;
				CLANG_WARN_ENUM_CONVERSION = YES;
				CLANG_WARN_INFINITE_RECURSION = YES;
				CLANG_WARN_INT_CONVERSION = YES;
				CLANG_WARN_NON_LITERAL_NULL_CONVERSION = YES;
				CLANG_WARN_OBJC_IMPLICIT_RETAIN_SELF = YES;
				CLANG_WARN_OBJC_LITERAL_CONVERSION = YES;
				CLANG_WARN_OBJC_ROOT_CLASS = YES_ERROR;
				CLANG_WARN_QUOTED_INCLUDE_IN_FRAMEWORK_HEADER = YES;
				CLANG_WARN_RANGE_LOOP_ANALYSIS = YES;
				CLANG_WARN_STRICT_PROTOTYPES = YES;
				CLANG_WARN_SUSPICIOUS_MOVE = YES;
				CLANG_WARN_UNGUARDED_AVAILABILITY = YES_AGGRESSIVE;
				CLANG_WARN_UNREACHABLE_CODE = YES;
				CLANG_WARN__DUPLICATE_METHOD_MATCH = YES;
				COPY_PHASE_STRIP = NO;
				DEBUG_INFORMATION_FORMAT = "dwarf-with-dsym";
				ENABLE_NS_ASSERTIONS = NO;
				ENABLE_STRICT_OBJC_MSGSEND = YES;
				ENABLE_USER_SCRIPT_SANDBOXING = YES;
				GCC_C_LANGUAGE_STANDARD = gnu17;
				GCC_NO_COMMON_BLOCKS = YES;
				GCC_WARN_64_TO_32_BIT_CONVERSION = YES;
				GCC_WARN_ABOUT_RETURN_TYPE = YES_ERROR;
				GCC_WARN_UNDECLARED_SELECTOR = YES;
				GCC_WARN_UNINITIALIZED_AUTOS = YES_AGGRESSIVE;
				GCC_WARN_UNUSED_FUNCTION = YES;
				GCC_WARN_UNUSED_VARIABLE = YES;
				IPHONEOS_DEPLOYMENT_TARGET = 17.0;
				LOCALIZATION_PREFERS_STRING_CATALOGS = YES;
				MTL_ENABLE_DEBUG_INFO = NO;
				MTL_FAST_MATH = YES;
				SDKROOT = iphoneos;
				SWIFT_COMPILATION_MODE = wholemodule;
				VALIDATE_PRODUCT = YES;
			};
			name = Release;
		};
		8032A55F2B820B7700294DD7 /* Debug */ = {
			isa = XCBuildConfiguration;
			buildSettings = {
				ALWAYS_EMBED_SWIFT_STANDARD_LIBRARIES = YES;
				ASSETCATALOG_COMPILER_APPICON_NAME = AppIcon;
				ASSETCATALOG_COMPILER_GLOBAL_ACCENT_COLOR_NAME = AccentColor;
				CODE_SIGN_STYLE = Automatic;
				CURRENT_PROJECT_VERSION = 1;
				DEVELOPMENT_TEAM = VYS4WS26NU;
				GENERATE_INFOPLIST_FILE = YES;
				INFOPLIST_FILE = YOU360/Info.plist;
				INFOPLIST_KEY_UIApplicationSupportsIndirectInputEvents = YES;
				INFOPLIST_KEY_UILaunchStoryboardName = LaunchScreen;
				INFOPLIST_KEY_UIMainStoryboardFile = Main;
				INFOPLIST_KEY_UISupportedInterfaceOrientations_iPad = "UIInterfaceOrientationPortrait UIInterfaceOrientationPortraitUpsideDown UIInterfaceOrientationLandscapeLeft UIInterfaceOrientationLandscapeRight";
				INFOPLIST_KEY_UISupportedInterfaceOrientations_iPhone = "UIInterfaceOrientationPortrait UIInterfaceOrientationLandscapeLeft UIInterfaceOrientationLandscapeRight";
				LD_RUNPATH_SEARCH_PATHS = (
					"$(inherited)",
					"@executable_path/Frameworks",
				);
				MARKETING_VERSION = 1.0;
				PRODUCT_BUNDLE_IDENTIFIER = iKor.YOU360;
				PRODUCT_NAME = "$(TARGET_NAME)";
				SWIFT_EMIT_LOC_STRINGS = YES;
				SWIFT_VERSION = 5.0;
				TARGETED_DEVICE_FAMILY = "1,2";
			};
			name = Debug;
		};
		8032A5602B820B7700294DD7 /* Release */ = {
			isa = XCBuildConfiguration;
			buildSettings = {
				ALWAYS_EMBED_SWIFT_STANDARD_LIBRARIES = YES;
				ASSETCATALOG_COMPILER_APPICON_NAME = AppIcon;
				ASSETCATALOG_COMPILER_GLOBAL_ACCENT_COLOR_NAME = AccentColor;
				CODE_SIGN_STYLE = Automatic;
				CURRENT_PROJECT_VERSION = 1;
				DEVELOPMENT_TEAM = VYS4WS26NU;
				GENERATE_INFOPLIST_FILE = YES;
				INFOPLIST_FILE = YOU360/Info.plist;
				INFOPLIST_KEY_UIApplicationSupportsIndirectInputEvents = YES;
				INFOPLIST_KEY_UILaunchStoryboardName = LaunchScreen;
				INFOPLIST_KEY_UIMainStoryboardFile = Main;
				INFOPLIST_KEY_UISupportedInterfaceOrientations_iPad = "UIInterfaceOrientationPortrait UIInterfaceOrientationPortraitUpsideDown UIInterfaceOrientationLandscapeLeft UIInterfaceOrientationLandscapeRight";
				INFOPLIST_KEY_UISupportedInterfaceOrientations_iPhone = "UIInterfaceOrientationPortrait UIInterfaceOrientationLandscapeLeft UIInterfaceOrientationLandscapeRight";
				LD_RUNPATH_SEARCH_PATHS = (
					"$(inherited)",
					"@executable_path/Frameworks",
				);
				MARKETING_VERSION = 1.0;
				PRODUCT_BUNDLE_IDENTIFIER = iKor.YOU360;
				PRODUCT_NAME = "$(TARGET_NAME)";
				SWIFT_EMIT_LOC_STRINGS = YES;
				SWIFT_VERSION = 5.0;
				TARGETED_DEVICE_FAMILY = "1,2";
			};
			name = Release;
		};
		8032A56F2B820BA000294DD7 /* Debug */ = {
			isa = XCBuildConfiguration;
			buildSettings = {
				CLANG_ENABLE_MODULES = YES;
				CODE_SIGN_STYLE = Automatic;
				CURRENT_PROJECT_VERSION = 1;
				DEFINES_MODULE = YES;
				DEVELOPMENT_TEAM = VYS4WS26NU;
				DYLIB_COMPATIBILITY_VERSION = 1;
				DYLIB_CURRENT_VERSION = 1;
				DYLIB_INSTALL_NAME_BASE = "@rpath";
				ENABLE_MODULE_VERIFIER = YES;
				GENERATE_INFOPLIST_FILE = YES;
				INFOPLIST_KEY_NSHumanReadableCopyright = "";
				INSTALL_PATH = "$(LOCAL_LIBRARY_DIR)/Frameworks";
				LD_RUNPATH_SEARCH_PATHS = (
					"$(inherited)",
					"@executable_path/Frameworks",
					"@loader_path/Frameworks",
				);
				MARKETING_VERSION = 1.0;
				MODULE_VERIFIER_SUPPORTED_LANGUAGES = "objective-c objective-c++";
				MODULE_VERIFIER_SUPPORTED_LANGUAGE_STANDARDS = "gnu17 gnu++20";
				PRODUCT_BUNDLE_IDENTIFIER = iKor.YOUNetworking;
				PRODUCT_NAME = "$(TARGET_NAME:c99extidentifier)";
				SKIP_INSTALL = YES;
				SWIFT_EMIT_LOC_STRINGS = YES;
				SWIFT_OPTIMIZATION_LEVEL = "-Onone";
				SWIFT_VERSION = 5.0;
				TARGETED_DEVICE_FAMILY = "1,2";
				VERSIONING_SYSTEM = "apple-generic";
				VERSION_INFO_PREFIX = "";
			};
			name = Debug;
		};
		8032A5702B820BA000294DD7 /* Release */ = {
			isa = XCBuildConfiguration;
			buildSettings = {
				CLANG_ENABLE_MODULES = YES;
				CODE_SIGN_STYLE = Automatic;
				CURRENT_PROJECT_VERSION = 1;
				DEFINES_MODULE = YES;
				DEVELOPMENT_TEAM = VYS4WS26NU;
				DYLIB_COMPATIBILITY_VERSION = 1;
				DYLIB_CURRENT_VERSION = 1;
				DYLIB_INSTALL_NAME_BASE = "@rpath";
				ENABLE_MODULE_VERIFIER = YES;
				GENERATE_INFOPLIST_FILE = YES;
				INFOPLIST_KEY_NSHumanReadableCopyright = "";
				INSTALL_PATH = "$(LOCAL_LIBRARY_DIR)/Frameworks";
				LD_RUNPATH_SEARCH_PATHS = (
					"$(inherited)",
					"@executable_path/Frameworks",
					"@loader_path/Frameworks",
				);
				MARKETING_VERSION = 1.0;
				MODULE_VERIFIER_SUPPORTED_LANGUAGES = "objective-c objective-c++";
				MODULE_VERIFIER_SUPPORTED_LANGUAGE_STANDARDS = "gnu17 gnu++20";
				PRODUCT_BUNDLE_IDENTIFIER = iKor.YOUNetworking;
				PRODUCT_NAME = "$(TARGET_NAME:c99extidentifier)";
				SKIP_INSTALL = YES;
				SWIFT_EMIT_LOC_STRINGS = YES;
				SWIFT_VERSION = 5.0;
				TARGETED_DEVICE_FAMILY = "1,2";
				VERSIONING_SYSTEM = "apple-generic";
				VERSION_INFO_PREFIX = "";
			};
			name = Release;
		};
		8032A5842B820D8200294DD7 /* Debug */ = {
			isa = XCBuildConfiguration;
			buildSettings = {
				CLANG_ENABLE_MODULES = YES;
				CODE_SIGN_STYLE = Automatic;
				CURRENT_PROJECT_VERSION = 1;
				DEFINES_MODULE = YES;
				DEVELOPMENT_TEAM = VYS4WS26NU;
				DYLIB_COMPATIBILITY_VERSION = 1;
				DYLIB_CURRENT_VERSION = 1;
				DYLIB_INSTALL_NAME_BASE = "@rpath";
				ENABLE_MODULE_VERIFIER = YES;
				GENERATE_INFOPLIST_FILE = YES;
				INFOPLIST_KEY_NSHumanReadableCopyright = "";
				INSTALL_PATH = "$(LOCAL_LIBRARY_DIR)/Frameworks";
				LD_RUNPATH_SEARCH_PATHS = (
					"$(inherited)",
					"@executable_path/Frameworks",
					"@loader_path/Frameworks",
				);
				MARKETING_VERSION = 1.0;
				MODULE_VERIFIER_SUPPORTED_LANGUAGES = "objective-c objective-c++";
				MODULE_VERIFIER_SUPPORTED_LANGUAGE_STANDARDS = "gnu17 gnu++20";
				PRODUCT_BUNDLE_IDENTIFIER = iKor.YOUUIComponents;
				PRODUCT_NAME = "$(TARGET_NAME:c99extidentifier)";
				SKIP_INSTALL = YES;
				SWIFT_EMIT_LOC_STRINGS = YES;
				SWIFT_OPTIMIZATION_LEVEL = "-Onone";
				SWIFT_VERSION = 5.0;
				TARGETED_DEVICE_FAMILY = "1,2";
				VERSIONING_SYSTEM = "apple-generic";
				VERSION_INFO_PREFIX = "";
			};
			name = Debug;
		};
		8032A5852B820D8200294DD7 /* Release */ = {
			isa = XCBuildConfiguration;
			buildSettings = {
				CLANG_ENABLE_MODULES = YES;
				CODE_SIGN_STYLE = Automatic;
				CURRENT_PROJECT_VERSION = 1;
				DEFINES_MODULE = YES;
				DEVELOPMENT_TEAM = VYS4WS26NU;
				DYLIB_COMPATIBILITY_VERSION = 1;
				DYLIB_CURRENT_VERSION = 1;
				DYLIB_INSTALL_NAME_BASE = "@rpath";
				ENABLE_MODULE_VERIFIER = YES;
				GENERATE_INFOPLIST_FILE = YES;
				INFOPLIST_KEY_NSHumanReadableCopyright = "";
				INSTALL_PATH = "$(LOCAL_LIBRARY_DIR)/Frameworks";
				LD_RUNPATH_SEARCH_PATHS = (
					"$(inherited)",
					"@executable_path/Frameworks",
					"@loader_path/Frameworks",
				);
				MARKETING_VERSION = 1.0;
				MODULE_VERIFIER_SUPPORTED_LANGUAGES = "objective-c objective-c++";
				MODULE_VERIFIER_SUPPORTED_LANGUAGE_STANDARDS = "gnu17 gnu++20";
				PRODUCT_BUNDLE_IDENTIFIER = iKor.YOUUIComponents;
				PRODUCT_NAME = "$(TARGET_NAME:c99extidentifier)";
				SKIP_INSTALL = YES;
				SWIFT_EMIT_LOC_STRINGS = YES;
				SWIFT_VERSION = 5.0;
				TARGETED_DEVICE_FAMILY = "1,2";
				VERSIONING_SYSTEM = "apple-generic";
				VERSION_INFO_PREFIX = "";
			};
			name = Release;
		};
		8032A5962B820E6C00294DD7 /* Debug */ = {
			isa = XCBuildConfiguration;
			buildSettings = {
				CLANG_ENABLE_MODULES = YES;
				CODE_SIGN_STYLE = Automatic;
				CURRENT_PROJECT_VERSION = 1;
				DEFINES_MODULE = YES;
				DEVELOPMENT_TEAM = VYS4WS26NU;
				DYLIB_COMPATIBILITY_VERSION = 1;
				DYLIB_CURRENT_VERSION = 1;
				DYLIB_INSTALL_NAME_BASE = "@rpath";
				ENABLE_MODULE_VERIFIER = YES;
				GENERATE_INFOPLIST_FILE = YES;
				INFOPLIST_KEY_NSHumanReadableCopyright = "";
				INSTALL_PATH = "$(LOCAL_LIBRARY_DIR)/Frameworks";
				LD_RUNPATH_SEARCH_PATHS = (
					"$(inherited)",
					"@executable_path/Frameworks",
					"@loader_path/Frameworks",
				);
				MARKETING_VERSION = 1.0;
				MODULE_VERIFIER_SUPPORTED_LANGUAGES = "objective-c objective-c++";
				MODULE_VERIFIER_SUPPORTED_LANGUAGE_STANDARDS = "gnu17 gnu++20";
				PRODUCT_BUNDLE_IDENTIFIER = iKor.YOUAuthorization;
				PRODUCT_NAME = "$(TARGET_NAME:c99extidentifier)";
				SKIP_INSTALL = YES;
				SWIFT_EMIT_LOC_STRINGS = YES;
				SWIFT_OPTIMIZATION_LEVEL = "-Onone";
				SWIFT_VERSION = 5.0;
				TARGETED_DEVICE_FAMILY = "1,2";
				VERSIONING_SYSTEM = "apple-generic";
				VERSION_INFO_PREFIX = "";
			};
			name = Debug;
		};
		8032A5972B820E6C00294DD7 /* Release */ = {
			isa = XCBuildConfiguration;
			buildSettings = {
				CLANG_ENABLE_MODULES = YES;
				CODE_SIGN_STYLE = Automatic;
				CURRENT_PROJECT_VERSION = 1;
				DEFINES_MODULE = YES;
				DEVELOPMENT_TEAM = VYS4WS26NU;
				DYLIB_COMPATIBILITY_VERSION = 1;
				DYLIB_CURRENT_VERSION = 1;
				DYLIB_INSTALL_NAME_BASE = "@rpath";
				ENABLE_MODULE_VERIFIER = YES;
				GENERATE_INFOPLIST_FILE = YES;
				INFOPLIST_KEY_NSHumanReadableCopyright = "";
				INSTALL_PATH = "$(LOCAL_LIBRARY_DIR)/Frameworks";
				LD_RUNPATH_SEARCH_PATHS = (
					"$(inherited)",
					"@executable_path/Frameworks",
					"@loader_path/Frameworks",
				);
				MARKETING_VERSION = 1.0;
				MODULE_VERIFIER_SUPPORTED_LANGUAGES = "objective-c objective-c++";
				MODULE_VERIFIER_SUPPORTED_LANGUAGE_STANDARDS = "gnu17 gnu++20";
				PRODUCT_BUNDLE_IDENTIFIER = iKor.YOUAuthorization;
				PRODUCT_NAME = "$(TARGET_NAME:c99extidentifier)";
				SKIP_INSTALL = YES;
				SWIFT_EMIT_LOC_STRINGS = YES;
				SWIFT_VERSION = 5.0;
				TARGETED_DEVICE_FAMILY = "1,2";
				VERSIONING_SYSTEM = "apple-generic";
				VERSION_INFO_PREFIX = "";
			};
			name = Release;
		};
		80A4F57F2B8361CB002CC9AD /* Debug */ = {
			isa = XCBuildConfiguration;
			buildSettings = {
				CLANG_ENABLE_MODULES = YES;
				CODE_SIGN_STYLE = Automatic;
				CURRENT_PROJECT_VERSION = 1;
				DEFINES_MODULE = YES;
				DEVELOPMENT_TEAM = VYS4WS26NU;
				DYLIB_COMPATIBILITY_VERSION = 1;
				DYLIB_CURRENT_VERSION = 1;
				DYLIB_INSTALL_NAME_BASE = "@rpath";
				ENABLE_MODULE_VERIFIER = YES;
				GENERATE_INFOPLIST_FILE = YES;
				INFOPLIST_KEY_NSHumanReadableCopyright = "";
				INSTALL_PATH = "$(LOCAL_LIBRARY_DIR)/Frameworks";
				LD_RUNPATH_SEARCH_PATHS = (
					"$(inherited)",
					"@executable_path/Frameworks",
					"@loader_path/Frameworks",
				);
				MARKETING_VERSION = 1.0;
				MODULE_VERIFIER_SUPPORTED_LANGUAGES = "objective-c objective-c++";
				MODULE_VERIFIER_SUPPORTED_LANGUAGE_STANDARDS = "gnu17 gnu++20";
				PRODUCT_BUNDLE_IDENTIFIER = iKor.YOUUtils;
				PRODUCT_NAME = "$(TARGET_NAME:c99extidentifier)";
				SKIP_INSTALL = YES;
				SWIFT_EMIT_LOC_STRINGS = YES;
				SWIFT_OPTIMIZATION_LEVEL = "-Onone";
				SWIFT_VERSION = 5.0;
				TARGETED_DEVICE_FAMILY = "1,2";
				VERSIONING_SYSTEM = "apple-generic";
				VERSION_INFO_PREFIX = "";
			};
			name = Debug;
		};
		80A4F5802B8361CB002CC9AD /* Release */ = {
			isa = XCBuildConfiguration;
			buildSettings = {
				CLANG_ENABLE_MODULES = YES;
				CODE_SIGN_STYLE = Automatic;
				CURRENT_PROJECT_VERSION = 1;
				DEFINES_MODULE = YES;
				DEVELOPMENT_TEAM = VYS4WS26NU;
				DYLIB_COMPATIBILITY_VERSION = 1;
				DYLIB_CURRENT_VERSION = 1;
				DYLIB_INSTALL_NAME_BASE = "@rpath";
				ENABLE_MODULE_VERIFIER = YES;
				GENERATE_INFOPLIST_FILE = YES;
				INFOPLIST_KEY_NSHumanReadableCopyright = "";
				INSTALL_PATH = "$(LOCAL_LIBRARY_DIR)/Frameworks";
				LD_RUNPATH_SEARCH_PATHS = (
					"$(inherited)",
					"@executable_path/Frameworks",
					"@loader_path/Frameworks",
				);
				MARKETING_VERSION = 1.0;
				MODULE_VERIFIER_SUPPORTED_LANGUAGES = "objective-c objective-c++";
				MODULE_VERIFIER_SUPPORTED_LANGUAGE_STANDARDS = "gnu17 gnu++20";
				PRODUCT_BUNDLE_IDENTIFIER = iKor.YOUUtils;
				PRODUCT_NAME = "$(TARGET_NAME:c99extidentifier)";
				SKIP_INSTALL = YES;
				SWIFT_EMIT_LOC_STRINGS = YES;
				SWIFT_VERSION = 5.0;
				TARGETED_DEVICE_FAMILY = "1,2";
				VERSIONING_SYSTEM = "apple-generic";
				VERSION_INFO_PREFIX = "";
			};
			name = Release;
		};
/* End XCBuildConfiguration section */

/* Begin XCConfigurationList section */
		8032A5422B820B7600294DD7 /* Build configuration list for PBXProject "YOU360" */ = {
			isa = XCConfigurationList;
			buildConfigurations = (
				8032A55C2B820B7700294DD7 /* Debug */,
				8032A55D2B820B7700294DD7 /* Release */,
			);
			defaultConfigurationIsVisible = 0;
			defaultConfigurationName = Release;
		};
		8032A55E2B820B7700294DD7 /* Build configuration list for PBXNativeTarget "YOU360" */ = {
			isa = XCConfigurationList;
			buildConfigurations = (
				8032A55F2B820B7700294DD7 /* Debug */,
				8032A5602B820B7700294DD7 /* Release */,
			);
			defaultConfigurationIsVisible = 0;
			defaultConfigurationName = Release;
		};
		8032A56E2B820BA000294DD7 /* Build configuration list for PBXNativeTarget "YOUNetworking" */ = {
			isa = XCConfigurationList;
			buildConfigurations = (
				8032A56F2B820BA000294DD7 /* Debug */,
				8032A5702B820BA000294DD7 /* Release */,
			);
			defaultConfigurationIsVisible = 0;
			defaultConfigurationName = Release;
		};
		8032A5832B820D8200294DD7 /* Build configuration list for PBXNativeTarget "YOUUIComponents" */ = {
			isa = XCConfigurationList;
			buildConfigurations = (
				8032A5842B820D8200294DD7 /* Debug */,
				8032A5852B820D8200294DD7 /* Release */,
			);
			defaultConfigurationIsVisible = 0;
			defaultConfigurationName = Release;
		};
		8032A5952B820E6C00294DD7 /* Build configuration list for PBXNativeTarget "YOUAuthorization" */ = {
			isa = XCConfigurationList;
			buildConfigurations = (
				8032A5962B820E6C00294DD7 /* Debug */,
				8032A5972B820E6C00294DD7 /* Release */,
			);
			defaultConfigurationIsVisible = 0;
			defaultConfigurationName = Release;
		};
		80A4F5812B8361CB002CC9AD /* Build configuration list for PBXNativeTarget "YOUUtils" */ = {
			isa = XCConfigurationList;
			buildConfigurations = (
				80A4F57F2B8361CB002CC9AD /* Debug */,
				80A4F5802B8361CB002CC9AD /* Release */,
			);
			defaultConfigurationIsVisible = 0;
			defaultConfigurationName = Release;
		};
/* End XCConfigurationList section */

/* Begin XCVersionGroup section */
		8032A5532B820B7600294DD7 /* YOU360.xcdatamodeld */ = {
			isa = XCVersionGroup;
			children = (
				8032A5542B820B7600294DD7 /* YOU360.xcdatamodel */,
			);
			currentVersion = 8032A5542B820B7600294DD7 /* YOU360.xcdatamodel */;
			path = YOU360.xcdatamodeld;
			sourceTree = "<group>";
			versionGroupType = wrapper.xcdatamodel;
		};
/* End XCVersionGroup section */
	};
	rootObject = 8032A53F2B820B7600294DD7 /* Project object */;
}
